
Microsoft Visual Studio Solution File, Format Version 12.00
# Visual Studio 14
VisualStudioVersion = 14.0.25420.1
MinimumVisualStudioVersion = 10.0.40219.1
Project("{FAE04EC0-301F-11D3-BF4B-00C04F79EFBC}") = "OutlookButton", "OutlookButton\OutlookButton.csproj", "{ABCF3360-4FFA-43BF-B20D-A0A7A782B130}"
EndProject
Project("{6141683F-8A12-4E36-9623-2EB02B2C2303}") = "Setup", "Setup\Setup.isproj", "{3DFE1312-D278-45FE-A8B6-BF54716B5FFD}"
	ProjectSection(ProjectDependencies) = postProject
		{ABCF3360-4FFA-43BF-B20D-A0A7A782B130} = {ABCF3360-4FFA-43BF-B20D-A0A7A782B130}
	EndProjectSection
EndProject
Global
	GlobalSection(SolutionConfigurationPlatforms) = preSolution
		CD_ROM|Any CPU = CD_ROM|Any CPU
		Debug|Any CPU = Debug|Any CPU
		DVD-5|Any CPU = DVD-5|Any CPU
		Release|Any CPU = Release|Any CPU
		SingleImage|Any CPU = SingleImage|Any CPU
	EndGlobalSection
	GlobalSection(ProjectConfigurationPlatforms) = postSolution
		{ABCF3360-4FFA-43BF-B20D-A0A7A782B130}.CD_ROM|Any CPU.ActiveCfg = Release|Any CPU
		{ABCF3360-4FFA-43BF-B20D-A0A7A782B130}.CD_ROM|Any CPU.Build.0 = Release|Any CPU
		{ABCF3360-4FFA-43BF-B20D-A0A7A782B130}.Debug|Any CPU.ActiveCfg = Debug|Any CPU
		{ABCF3360-4FFA-43BF-B20D-A0A7A782B130}.Debug|Any CPU.Build.0 = Debug|Any CPU
		{ABCF3360-4FFA-43BF-B20D-A0A7A782B130}.DVD-5|Any CPU.ActiveCfg = Debug|Any CPU
		{ABCF3360-4FFA-43BF-B20D-A0A7A782B130}.DVD-5|Any CPU.Build.0 = Debug|Any CPU
		{ABCF3360-4FFA-43BF-B20D-A0A7A782B130}.Release|Any CPU.ActiveCfg = Release|Any CPU
		{ABCF3360-4FFA-43BF-B20D-A0A7A782B130}.Release|Any CPU.Build.0 = Release|Any CPU
		{ABCF3360-4FFA-43BF-B20D-A0A7A782B130}.SingleImage|Any CPU.ActiveCfg = Release|Any CPU
		{ABCF3360-4FFA-43BF-B20D-A0A7A782B130}.SingleImage|Any CPU.Build.0 = Release|Any CPU
		{3DFE1312-D278-45FE-A8B6-BF54716B5FFD}.CD_ROM|Any CPU.ActiveCfg = CD_ROM
		{3DFE1312-D278-45FE-A8B6-BF54716B5FFD}.CD_ROM|Any CPU.Build.0 = CD_ROM
		{3DFE1312-D278-45FE-A8B6-BF54716B5FFD}.Debug|Any CPU.ActiveCfg = DVD-5
		{3DFE1312-D278-45FE-A8B6-BF54716B5FFD}.Debug|Any CPU.Build.0 = DVD-5
		{3DFE1312-D278-45FE-A8B6-BF54716B5FFD}.DVD-5|Any CPU.ActiveCfg = DVD-5
		{3DFE1312-D278-45FE-A8B6-BF54716B5FFD}.DVD-5|Any CPU.Build.0 = DVD-5
		{3DFE1312-D278-45FE-A8B6-BF54716B5FFD}.Release|Any CPU.ActiveCfg = SingleImage
		{3DFE1312-D278-45FE-A8B6-BF54716B5FFD}.Release|Any CPU.Build.0 = SingleImage
		{3DFE1312-D278-45FE-A8B6-BF54716B5FFD}.SingleImage|Any CPU.ActiveCfg = SingleImage
		{3DFE1312-D278-45FE-A8B6-BF54716B5FFD}.SingleImage|Any CPU.Build.0 = SingleImage
	EndGlobalSection
	GlobalSection(SolutionProperties) = preSolution
		HideSolutionNode = FALSE
	EndGlobalSection
EndGlobal
